
Microsoft Visual Studio Solution File, Format Version 12.00
# Visual Studio 2012
Project("{002A2DE9-8BB6-484D-9802-7E4AD4084715}") = "ChaosEngine", "ChaosEngine.visualdproj", "{32FBC4E1-278D-4961-8A9F-D8B1E695887E}"
EndProject
Global
	GlobalSection(SolutionConfigurationPlatforms) = preSolution
		Debug|Win32 = Debug|Win32
		Profile|Win32 = Profile|Win32
		Release|Win32 = Release|Win32
	EndGlobalSection
	GlobalSection(ProjectConfigurationPlatforms) = postSolution
		{32FBC4E1-278D-4961-8A9F-D8B1E695887E}.Debug|Win32.ActiveCfg = Debug|Win32
		{32FBC4E1-278D-4961-8A9F-D8B1E695887E}.Debug|Win32.Build.0 = Debug|Win32
		{32FBC4E1-278D-4961-8A9F-D8B1E695887E}.Profile|Win32.ActiveCfg = Profile|Win32
		{32FBC4E1-278D-4961-8A9F-D8B1E695887E}.Profile|Win32.Build.0 = Profile|Win32
		{32FBC4E1-278D-4961-8A9F-D8B1E695887E}.Release|Win32.ActiveCfg = Release|Win32
		{32FBC4E1-278D-4961-8A9F-D8B1E695887E}.Release|Win32.Build.0 = Release|Win32
	EndGlobalSection
	GlobalSection(SolutionProperties) = preSolution
		HideSolutionNode = FALSE
	EndGlobalSection
EndGlobal
